// !$*UTF8*$!
{
	archiveVersion = 1;
	classes = {
	};
	objectVersion = 55;
	objects = {

/* Begin PBXBuildFile section */
		90A6F279289D59BA001F3CB2 /* AppUser.swift in Sources */ = {isa = PBXBuildFile; fileRef = 90A6F278289D59BA001F3CB2 /* AppUser.swift */; };
		90A6F27B289D5B32001F3CB2 /* Todo.swift in Sources */ = {isa = PBXBuildFile; fileRef = 90A6F27A289D5B32001F3CB2 /* Todo.swift */; };
		90A6F27E289D6222001F3CB2 /* Categories.swift in Sources */ = {isa = PBXBuildFile; fileRef = 90A6F27D289D6222001F3CB2 /* Categories.swift */; };
		90A6F281289D7AED001F3CB2 /* MockData.swift in Sources */ = {isa = PBXBuildFile; fileRef = 90A6F280289D7AED001F3CB2 /* MockData.swift */; };
		90A6F283289D7C1B001F3CB2 /* AuthViewModel.swift in Sources */ = {isa = PBXBuildFile; fileRef = 90A6F282289D7C1B001F3CB2 /* AuthViewModel.swift */; };
		90BF6E0E289C25A20025244F /* ForgetPasswordView.swift in Sources */ = {isa = PBXBuildFile; fileRef = 90BF6E0D289C25A20025244F /* ForgetPasswordView.swift */; };
		90E4AE80289AD5A200875B76 /* AllDoneApp.swift in Sources */ = {isa = PBXBuildFile; fileRef = 90E4AE7F289AD5A200875B76 /* AllDoneApp.swift */; };
		90E4AE82289AD5A200875B76 /* VerifyView.swift in Sources */ = {isa = PBXBuildFile; fileRef = 90E4AE81289AD5A200875B76 /* VerifyView.swift */; };
		90E4AE84289AD5A300875B76 /* Assets.xcassets in Resources */ = {isa = PBXBuildFile; fileRef = 90E4AE83289AD5A300875B76 /* Assets.xcassets */; };
		90E4AE87289AD5A300875B76 /* Preview Assets.xcassets in Resources */ = {isa = PBXBuildFile; fileRef = 90E4AE86289AD5A300875B76 /* Preview Assets.xcassets */; };
		90E8B809289C5F11003C964D /* UserTextView.swift in Sources */ = {isa = PBXBuildFile; fileRef = 90E8B808289C5F11003C964D /* UserTextView.swift */; };
		90E8B80C289C74DB003C964D /* GoogleService-Info.plist in Resources */ = {isa = PBXBuildFile; fileRef = 90E8B80B289C74DB003C964D /* GoogleService-Info.plist */; };
		90E8B80F289C764C003C964D /* FirebaseAnalytics in Frameworks */ = {isa = PBXBuildFile; productRef = 90E8B80E289C764C003C964D /* FirebaseAnalytics */; };
		90E8B811289C764C003C964D /* FirebaseAnalyticsSwift in Frameworks */ = {isa = PBXBuildFile; productRef = 90E8B810289C764C003C964D /* FirebaseAnalyticsSwift */; };
		90E8B813289C764C003C964D /* FirebaseAuth in Frameworks */ = {isa = PBXBuildFile; productRef = 90E8B812289C764C003C964D /* FirebaseAuth */; };
		90E8B815289C764C003C964D /* FirebaseFirestore in Frameworks */ = {isa = PBXBuildFile; productRef = 90E8B814289C764C003C964D /* FirebaseFirestore */; };
		90E8B817289C764C003C964D /* FirebaseFirestoreSwift in Frameworks */ = {isa = PBXBuildFile; productRef = 90E8B816289C764C003C964D /* FirebaseFirestoreSwift */; };
		90E8B819289C764C003C964D /* FirebaseStorage in Frameworks */ = {isa = PBXBuildFile; productRef = 90E8B818289C764C003C964D /* FirebaseStorage */; };
		90E8B81C289C7C01003C964D /* Constants.swift in Sources */ = {isa = PBXBuildFile; fileRef = 90E8B81B289C7C01003C964D /* Constants.swift */; };
		90EDA515289AEF2B00E77D2C /* LoginView.swift in Sources */ = {isa = PBXBuildFile; fileRef = 90EDA514289AEF2B00E77D2C /* LoginView.swift */; };
		90EDA519289AF3F000E77D2C /* SignUpView.swift in Sources */ = {isa = PBXBuildFile; fileRef = 90EDA518289AF3F000E77D2C /* SignUpView.swift */; };
		90EDA51B289AF54D00E77D2C /* BackgroundGradientView.swift in Sources */ = {isa = PBXBuildFile; fileRef = 90EDA51A289AF54D00E77D2C /* BackgroundGradientView.swift */; };
		90EDA51D289AF6F700E77D2C /* LogoView.swift in Sources */ = {isa = PBXBuildFile; fileRef = 90EDA51C289AF6F700E77D2C /* LogoView.swift */; };
		90EDA51F289B150100E77D2C /* CustomTextField.swift in Sources */ = {isa = PBXBuildFile; fileRef = 90EDA51E289B150100E77D2C /* CustomTextField.swift */; };
		90EDA522289B1B6B00E77D2C /* EmailTextView.swift in Sources */ = {isa = PBXBuildFile; fileRef = 90EDA521289B1B6B00E77D2C /* EmailTextView.swift */; };
		90EDA524289B248700E77D2C /* CustomSecureField.swift in Sources */ = {isa = PBXBuildFile; fileRef = 90EDA523289B248700E77D2C /* CustomSecureField.swift */; };
		90EDA526289B291400E77D2C /* PasswordTextView.swift in Sources */ = {isa = PBXBuildFile; fileRef = 90EDA525289B291400E77D2C /* PasswordTextView.swift */; };
		90EEE642289ED07A00F7AA2B /* TodoViewModel.swift in Sources */ = {isa = PBXBuildFile; fileRef = 90EEE641289ED07A00F7AA2B /* TodoViewModel.swift */; };
		90EEE644289EE78300F7AA2B /* AddTodoView.swift in Sources */ = {isa = PBXBuildFile; fileRef = 90EEE643289EE78300F7AA2B /* AddTodoView.swift */; };
		90FBCCB1289DB0C400A900C3 /* MainView.swift in Sources */ = {isa = PBXBuildFile; fileRef = 90FBCCB0289DB0C400A900C3 /* MainView.swift */; };
/* End PBXBuildFile section */

/* Begin PBXFileReference section */
		90A6F278289D59BA001F3CB2 /* AppUser.swift */ = {isa = PBXFileReference; lastKnownFileType = sourcecode.swift; path = AppUser.swift; sourceTree = "<group>"; };
		90A6F27A289D5B32001F3CB2 /* Todo.swift */ = {isa = PBXFileReference; lastKnownFileType = sourcecode.swift; path = Todo.swift; sourceTree = "<group>"; };
		90A6F27D289D6222001F3CB2 /* Categories.swift */ = {isa = PBXFileReference; lastKnownFileType = sourcecode.swift; path = Categories.swift; sourceTree = "<group>"; };
		90A6F280289D7AED001F3CB2 /* MockData.swift */ = {isa = PBXFileReference; lastKnownFileType = sourcecode.swift; path = MockData.swift; sourceTree = "<group>"; };
		90A6F282289D7C1B001F3CB2 /* AuthViewModel.swift */ = {isa = PBXFileReference; lastKnownFileType = sourcecode.swift; path = AuthViewModel.swift; sourceTree = "<group>"; };
		90BF6E0D289C25A20025244F /* ForgetPasswordView.swift */ = {isa = PBXFileReference; lastKnownFileType = sourcecode.swift; path = ForgetPasswordView.swift; sourceTree = "<group>"; };
		90E4AE7C289AD5A200875B76 /* AllDone.app */ = {isa = PBXFileReference; explicitFileType = wrapper.application; includeInIndex = 0; path = AllDone.app; sourceTree = BUILT_PRODUCTS_DIR; };
		90E4AE7F289AD5A200875B76 /* AllDoneApp.swift */ = {isa = PBXFileReference; lastKnownFileType = sourcecode.swift; path = AllDoneApp.swift; sourceTree = "<group>"; };
		90E4AE81289AD5A200875B76 /* VerifyView.swift */ = {isa = PBXFileReference; lastKnownFileType = sourcecode.swift; path = VerifyView.swift; sourceTree = "<group>"; };
		90E4AE83289AD5A300875B76 /* Assets.xcassets */ = {isa = PBXFileReference; lastKnownFileType = folder.assetcatalog; path = Assets.xcassets; sourceTree = "<group>"; };
		90E4AE86289AD5A300875B76 /* Preview Assets.xcassets */ = {isa = PBXFileReference; lastKnownFileType = folder.assetcatalog; path = "Preview Assets.xcassets"; sourceTree = "<group>"; };
		90E8B808289C5F11003C964D /* UserTextView.swift */ = {isa = PBXFileReference; lastKnownFileType = sourcecode.swift; path = UserTextView.swift; sourceTree = "<group>"; };
		90E8B80B289C74DB003C964D /* GoogleService-Info.plist */ = {isa = PBXFileReference; fileEncoding = 4; lastKnownFileType = text.plist.xml; path = "GoogleService-Info.plist"; sourceTree = "<group>"; };
		90E8B81B289C7C01003C964D /* Constants.swift */ = {isa = PBXFileReference; lastKnownFileType = sourcecode.swift; path = Constants.swift; sourceTree = "<group>"; };
		90EDA514289AEF2B00E77D2C /* LoginView.swift */ = {isa = PBXFileReference; lastKnownFileType = sourcecode.swift; path = LoginView.swift; sourceTree = "<group>"; };
		90EDA518289AF3F000E77D2C /* SignUpView.swift */ = {isa = PBXFileReference; lastKnownFileType = sourcecode.swift; path = SignUpView.swift; sourceTree = "<group>"; };
		90EDA51A289AF54D00E77D2C /* BackgroundGradientView.swift */ = {isa = PBXFileReference; lastKnownFileType = sourcecode.swift; path = BackgroundGradientView.swift; sourceTree = "<group>"; };
		90EDA51C289AF6F700E77D2C /* LogoView.swift */ = {isa = PBXFileReference; lastKnownFileType = sourcecode.swift; path = LogoView.swift; sourceTree = "<group>"; };
		90EDA51E289B150100E77D2C /* CustomTextField.swift */ = {isa = PBXFileReference; lastKnownFileType = sourcecode.swift; path = CustomTextField.swift; sourceTree = "<group>"; };
		90EDA521289B1B6B00E77D2C /* EmailTextView.swift */ = {isa = PBXFileReference; lastKnownFileType = sourcecode.swift; path = EmailTextView.swift; sourceTree = "<group>"; };
		90EDA523289B248700E77D2C /* CustomSecureField.swift */ = {isa = PBXFileReference; lastKnownFileType = sourcecode.swift; path = CustomSecureField.swift; sourceTree = "<group>"; };
		90EDA525289B291400E77D2C /* PasswordTextView.swift */ = {isa = PBXFileReference; lastKnownFileType = sourcecode.swift; path = PasswordTextView.swift; sourceTree = "<group>"; };
		90EEE641289ED07A00F7AA2B /* TodoViewModel.swift */ = {isa = PBXFileReference; lastKnownFileType = sourcecode.swift; path = TodoViewModel.swift; sourceTree = "<group>"; };
		90EEE643289EE78300F7AA2B /* AddTodoView.swift */ = {isa = PBXFileReference; lastKnownFileType = sourcecode.swift; path = AddTodoView.swift; sourceTree = "<group>"; };
		90FBCCB0289DB0C400A900C3 /* MainView.swift */ = {isa = PBXFileReference; lastKnownFileType = sourcecode.swift; path = MainView.swift; sourceTree = "<group>"; };
/* End PBXFileReference section */

/* Begin PBXFrameworksBuildPhase section */
		90E4AE79289AD5A200875B76 /* Frameworks */ = {
			isa = PBXFrameworksBuildPhase;
			buildActionMask = 2147483647;
			files = (
				90E8B817289C764C003C964D /* FirebaseFirestoreSwift in Frameworks */,
				90E8B811289C764C003C964D /* FirebaseAnalyticsSwift in Frameworks */,
				90E8B815289C764C003C964D /* FirebaseFirestore in Frameworks */,
				90E8B813289C764C003C964D /* FirebaseAuth in Frameworks */,
				90E8B80F289C764C003C964D /* FirebaseAnalytics in Frameworks */,
				90E8B819289C764C003C964D /* FirebaseStorage in Frameworks */,
			);
			runOnlyForDeploymentPostprocessing = 0;
		};
/* End PBXFrameworksBuildPhase section */

/* Begin PBXGroup section */
		90A6F27C289D620E001F3CB2 /* Enums */ = {
			isa = PBXGroup;
			children = (
				90A6F27D289D6222001F3CB2 /* Categories.swift */,
			);
			path = Enums;
			sourceTree = "<group>";
		};
		90A6F27F289D7ADC001F3CB2 /* Mock Data */ = {
			isa = PBXGroup;
			children = (
				90A6F280289D7AED001F3CB2 /* MockData.swift */,
			);
			path = "Mock Data";
			sourceTree = "<group>";
		};
		90E4AE73289AD5A200875B76 = {
			isa = PBXGroup;
			children = (
				90E4AE7E289AD5A200875B76 /* AllDone */,
				90E4AE7D289AD5A200875B76 /* Products */,
			);
			sourceTree = "<group>";
		};
		90E4AE7D289AD5A200875B76 /* Products */ = {
			isa = PBXGroup;
			children = (
				90E4AE7C289AD5A200875B76 /* AllDone.app */,
			);
			name = Products;
			sourceTree = "<group>";
		};
		90E4AE7E289AD5A200875B76 /* AllDone */ = {
			isa = PBXGroup;
			children = (
				90E8B80B289C74DB003C964D /* GoogleService-Info.plist */,
				90EDA510289AEE8500E77D2C /* App */,
				90EDA516289AF38C00E77D2C /* Utils */,
				90EDA513289AEEBB00E77D2C /* Model */,
				90EDA512289AEEAD00E77D2C /* View Model */,
				90EDA511289AEE8F00E77D2C /* View */,
				90E4AE83289AD5A300875B76 /* Assets.xcassets */,
				90E4AE85289AD5A300875B76 /* Preview Content */,
			);
			path = AllDone;
			sourceTree = "<group>";
		};
		90E4AE85289AD5A300875B76 /* Preview Content */ = {
			isa = PBXGroup;
			children = (
				90E4AE86289AD5A300875B76 /* Preview Assets.xcassets */,
			);
			path = "Preview Content";
			sourceTree = "<group>";
		};
		90E8B80A289C617B003C964D /* CustomViews */ = {
			isa = PBXGroup;
			children = (
				90EDA51A289AF54D00E77D2C /* BackgroundGradientView.swift */,
				90EDA51C289AF6F700E77D2C /* LogoView.swift */,
				90EDA525289B291400E77D2C /* PasswordTextView.swift */,
				90EDA521289B1B6B00E77D2C /* EmailTextView.swift */,
				90E8B808289C5F11003C964D /* UserTextView.swift */,
			);
			path = CustomViews;
			sourceTree = "<group>";
		};
		90E8B81A289C7BF1003C964D /* Constants */ = {
			isa = PBXGroup;
			children = (
				90E8B81B289C7C01003C964D /* Constants.swift */,
			);
			path = Constants;
			sourceTree = "<group>";
		};
		90EDA510289AEE8500E77D2C /* App */ = {
			isa = PBXGroup;
			children = (
				90E4AE7F289AD5A200875B76 /* AllDoneApp.swift */,
			);
			path = App;
			sourceTree = "<group>";
		};
		90EDA511289AEE8F00E77D2C /* View */ = {
			isa = PBXGroup;
			children = (
				90EDA517289AF3B100E77D2C /* Authentication */,
				90E4AE81289AD5A200875B76 /* VerifyView.swift */,
				90FBCCB0289DB0C400A900C3 /* MainView.swift */,
				90EEE643289EE78300F7AA2B /* AddTodoView.swift */,
			);
			path = View;
			sourceTree = "<group>";
		};
		90EDA512289AEEAD00E77D2C /* View Model */ = {
			isa = PBXGroup;
			children = (
				90A6F282289D7C1B001F3CB2 /* AuthViewModel.swift */,
				90EEE641289ED07A00F7AA2B /* TodoViewModel.swift */,
			);
			path = "View Model";
			sourceTree = "<group>";
		};
		90EDA513289AEEBB00E77D2C /* Model */ = {
			isa = PBXGroup;
			children = (
				90A6F278289D59BA001F3CB2 /* AppUser.swift */,
				90A6F27A289D5B32001F3CB2 /* Todo.swift */,
			);
			path = Model;
			sourceTree = "<group>";
		};
		90EDA516289AF38C00E77D2C /* Utils */ = {
			isa = PBXGroup;
			children = (
				90A6F27F289D7ADC001F3CB2 /* Mock Data */,
				90A6F27C289D620E001F3CB2 /* Enums */,
				90E8B81A289C7BF1003C964D /* Constants */,
				90EDA520289B1B5500E77D2C /* TextFields */,
			);
			path = Utils;
			sourceTree = "<group>";
		};
		90EDA517289AF3B100E77D2C /* Authentication */ = {
			isa = PBXGroup;
			children = (
				90E8B80A289C617B003C964D /* CustomViews */,
				90EDA514289AEF2B00E77D2C /* LoginView.swift */,
				90EDA518289AF3F000E77D2C /* SignUpView.swift */,
				90BF6E0D289C25A20025244F /* ForgetPasswordView.swift */,
			);
			path = Authentication;
			sourceTree = "<group>";
		};
		90EDA520289B1B5500E77D2C /* TextFields */ = {
			isa = PBXGroup;
			children = (
				90EDA51E289B150100E77D2C /* CustomTextField.swift */,
				90EDA523289B248700E77D2C /* CustomSecureField.swift */,
			);
			path = TextFields;
			sourceTree = "<group>";
		};
/* End PBXGroup section */

/* Begin PBXNativeTarget section */
		90E4AE7B289AD5A200875B76 /* AllDone */ = {
			isa = PBXNativeTarget;
			buildConfigurationList = 90E4AE8A289AD5A300875B76 /* Build configuration list for PBXNativeTarget "AllDone" */;
			buildPhases = (
				90E4AE78289AD5A200875B76 /* Sources */,
				90E4AE79289AD5A200875B76 /* Frameworks */,
				90E4AE7A289AD5A200875B76 /* Resources */,
			);
			buildRules = (
			);
			dependencies = (
			);
			name = AllDone;
			packageProductDependencies = (
				90E8B80E289C764C003C964D /* FirebaseAnalytics */,
				90E8B810289C764C003C964D /* FirebaseAnalyticsSwift */,
				90E8B812289C764C003C964D /* FirebaseAuth */,
				90E8B814289C764C003C964D /* FirebaseFirestore */,
				90E8B816289C764C003C964D /* FirebaseFirestoreSwift */,
				90E8B818289C764C003C964D /* FirebaseStorage */,
			);
			productName = AllDone;
			productReference = 90E4AE7C289AD5A200875B76 /* AllDone.app */;
			productType = "com.apple.product-type.application";
		};
/* End PBXNativeTarget section */

/* Begin PBXProject section */
		90E4AE74289AD5A200875B76 /* Project object */ = {
			isa = PBXProject;
			attributes = {
				BuildIndependentTargetsInParallel = 1;
				LastSwiftUpdateCheck = 1340;
				LastUpgradeCheck = 1340;
				TargetAttributes = {
					90E4AE7B289AD5A200875B76 = {
						CreatedOnToolsVersion = 13.4.1;
					};
				};
			};
			buildConfigurationList = 90E4AE77289AD5A200875B76 /* Build configuration list for PBXProject "AllDone" */;
			compatibilityVersion = "Xcode 13.0";
			developmentRegion = en;
			hasScannedForEncodings = 0;
			knownRegions = (
				en,
				Base,
			);
			mainGroup = 90E4AE73289AD5A200875B76;
			packageReferences = (
				90E8B80D289C764C003C964D /* XCRemoteSwiftPackageReference "firebase-ios-sdk" */,
			);
			productRefGroup = 90E4AE7D289AD5A200875B76 /* Products */;
			projectDirPath = "";
			projectRoot = "";
			targets = (
				90E4AE7B289AD5A200875B76 /* AllDone */,
			);
		};
/* End PBXProject section */

/* Begin PBXResourcesBuildPhase section */
		90E4AE7A289AD5A200875B76 /* Resources */ = {
			isa = PBXResourcesBuildPhase;
			buildActionMask = 2147483647;
			files = (
				90E4AE87289AD5A300875B76 /* Preview Assets.xcassets in Resources */,
				90E4AE84289AD5A300875B76 /* Assets.xcassets in Resources */,
				90E8B80C289C74DB003C964D /* GoogleService-Info.plist in Resources */,
			);
			runOnlyForDeploymentPostprocessing = 0;
		};
/* End PBXResourcesBuildPhase section */

/* Begin PBXSourcesBuildPhase section */
		90E4AE78289AD5A200875B76 /* Sources */ = {
			isa = PBXSourcesBuildPhase;
			buildActionMask = 2147483647;
			files = (
				90EDA526289B291400E77D2C /* PasswordTextView.swift in Sources */,
				90EDA522289B1B6B00E77D2C /* EmailTextView.swift in Sources */,
				90EEE644289EE78300F7AA2B /* AddTodoView.swift in Sources */,
				90E8B809289C5F11003C964D /* UserTextView.swift in Sources */,
				90A6F281289D7AED001F3CB2 /* MockData.swift in Sources */,
				90EDA51F289B150100E77D2C /* CustomTextField.swift in Sources */,
				90FBCCB1289DB0C400A900C3 /* MainView.swift in Sources */,
				90A6F27E289D6222001F3CB2 /* Categories.swift in Sources */,
				90A6F27B289D5B32001F3CB2 /* Todo.swift in Sources */,
				90EDA519289AF3F000E77D2C /* SignUpView.swift in Sources */,
				90A6F283289D7C1B001F3CB2 /* AuthViewModel.swift in Sources */,
				90EDA51D289AF6F700E77D2C /* LogoView.swift in Sources */,
				90A6F279289D59BA001F3CB2 /* AppUser.swift in Sources */,
				90EDA515289AEF2B00E77D2C /* LoginView.swift in Sources */,
				90EEE642289ED07A00F7AA2B /* TodoViewModel.swift in Sources */,
				90E8B81C289C7C01003C964D /* Constants.swift in Sources */,
				90E4AE82289AD5A200875B76 /* VerifyView.swift in Sources */,
				90EDA51B289AF54D00E77D2C /* BackgroundGradientView.swift in Sources */,
				90EDA524289B248700E77D2C /* CustomSecureField.swift in Sources */,
				90BF6E0E289C25A20025244F /* ForgetPasswordView.swift in Sources */,
				90E4AE80289AD5A200875B76 /* AllDoneApp.swift in Sources */,
			);
			runOnlyForDeploymentPostprocessing = 0;
		};
/* End PBXSourcesBuildPhase section */

/* Begin XCBuildConfiguration section */
		90E4AE88289AD5A300875B76 /* Debug */ = {
			isa = XCBuildConfiguration;
			buildSettings = {
				ALWAYS_SEARCH_USER_PATHS = NO;
				CLANG_ANALYZER_NONNULL = YES;
				CLANG_ANALYZER_NUMBER_OBJECT_CONVERSION = YES_AGGRESSIVE;
				CLANG_CXX_LANGUAGE_STANDARD = "gnu++17";
				CLANG_ENABLE_MODULES = YES;
				CLANG_ENABLE_OBJC_ARC = YES;
				CLANG_ENABLE_OBJC_WEAK = YES;
				CLANG_WARN_BLOCK_CAPTURE_AUTORELEASING = YES;
				CLANG_WARN_BOOL_CONVERSION = YES;
				CLANG_WARN_COMMA = YES;
				CLANG_WARN_CONSTANT_CONVERSION = YES;
				CLANG_WARN_DEPRECATED_OBJC_IMPLEMENTATIONS = YES;
				CLANG_WARN_DIRECT_OBJC_ISA_USAGE = YES_ERROR;
				CLANG_WARN_DOCUMENTATION_COMMENTS = YES;
				CLANG_WARN_EMPTY_BODY = YES;
				CLANG_WARN_ENUM_CONVERSION = YES;
				CLANG_WARN_INFINITE_RECURSION = YES;
				CLANG_WARN_INT_CONVERSION = YES;
				CLANG_WARN_NON_LITERAL_NULL_CONVERSION = YES;
				CLANG_WARN_OBJC_IMPLICIT_RETAIN_SELF = YES;
				CLANG_WARN_OBJC_LITERAL_CONVERSION = YES;
				CLANG_WARN_OBJC_ROOT_CLASS = YES_ERROR;
				CLANG_WARN_QUOTED_INCLUDE_IN_FRAMEWORK_HEADER = YES;
				CLANG_WARN_RANGE_LOOP_ANALYSIS = YES;
				CLANG_WARN_STRICT_PROTOTYPES = YES;
				CLANG_WARN_SUSPICIOUS_MOVE = YES;
				CLANG_WARN_UNGUARDED_AVAILABILITY = YES_AGGRESSIVE;
				CLANG_WARN_UNREACHABLE_CODE = YES;
				CLANG_WARN__DUPLICATE_METHOD_MATCH = YES;
				COPY_PHASE_STRIP = NO;
				DEBUG_INFORMATION_FORMAT = dwarf;
				ENABLE_STRICT_OBJC_MSGSEND = YES;
				ENABLE_TESTABILITY = YES;
				GCC_C_LANGUAGE_STANDARD = gnu11;
				GCC_DYNAMIC_NO_PIC = NO;
				GCC_NO_COMMON_BLOCKS = YES;
				GCC_OPTIMIZATION_LEVEL = 0;
				GCC_PREPROCESSOR_DEFINITIONS = (
					"DEBUG=1",
					"$(inherited)",
				);
				GCC_WARN_64_TO_32_BIT_CONVERSION = YES;
				GCC_WARN_ABOUT_RETURN_TYPE = YES_ERROR;
				GCC_WARN_UNDECLARED_SELECTOR = YES;
				GCC_WARN_UNINITIALIZED_AUTOS = YES_AGGRESSIVE;
				GCC_WARN_UNUSED_FUNCTION = YES;
				GCC_WARN_UNUSED_VARIABLE = YES;
				IPHONEOS_DEPLOYMENT_TARGET = 15.5;
				MTL_ENABLE_DEBUG_INFO = INCLUDE_SOURCE;
				MTL_FAST_MATH = YES;
				ONLY_ACTIVE_ARCH = YES;
				SDKROOT = iphoneos;
				SWIFT_ACTIVE_COMPILATION_CONDITIONS = DEBUG;
				SWIFT_OPTIMIZATION_LEVEL = "-Onone";
			};
			name = Debug;
		};
		90E4AE89289AD5A300875B76 /* Release */ = {
			isa = XCBuildConfiguration;
			buildSettings = {
				ALWAYS_SEARCH_USER_PATHS = NO;
				CLANG_ANALYZER_NONNULL = YES;
				CLANG_ANALYZER_NUMBER_OBJECT_CONVERSION = YES_AGGRESSIVE;
				CLANG_CXX_LANGUAGE_STANDARD = "gnu++17";
				CLANG_ENABLE_MODULES = YES;
				CLANG_ENABLE_OBJC_ARC = YES;
				CLANG_ENABLE_OBJC_WEAK = YES;
				CLANG_WARN_BLOCK_CAPTURE_AUTORELEASING = YES;
				CLANG_WARN_BOOL_CONVERSION = YES;
				CLANG_WARN_COMMA = YES;
				CLANG_WARN_CONSTANT_CONVERSION = YES;
				CLANG_WARN_DEPRECATED_OBJC_IMPLEMENTATIONS = YES;
				CLANG_WARN_DIRECT_OBJC_ISA_USAGE = YES_ERROR;
				CLANG_WARN_DOCUMENTATION_COMMENTS = YES;
				CLANG_WARN_EMPTY_BODY = YES;
				CLANG_WARN_ENUM_CONVERSION = YES;
				CLANG_WARN_INFINITE_RECURSION = YES;
				CLANG_WARN_INT_CONVERSION = YES;
				CLANG_WARN_NON_LITERAL_NULL_CONVERSION = YES;
				CLANG_WARN_OBJC_IMPLICIT_RETAIN_SELF = YES;
				CLANG_WARN_OBJC_LITERAL_CONVERSION = YES;
				CLANG_WARN_OBJC_ROOT_CLASS = YES_ERROR;
				CLANG_WARN_QUOTED_INCLUDE_IN_FRAMEWORK_HEADER = YES;
				CLANG_WARN_RANGE_LOOP_ANALYSIS = YES;
				CLANG_WARN_STRICT_PROTOTYPES = YES;
				CLANG_WARN_SUSPICIOUS_MOVE = YES;
				CLANG_WARN_UNGUARDED_AVAILABILITY = YES_AGGRESSIVE;
				CLANG_WARN_UNREACHABLE_CODE = YES;
				CLANG_WARN__DUPLICATE_METHOD_MATCH = YES;
				COPY_PHASE_STRIP = NO;
				DEBUG_INFORMATION_FORMAT = "dwarf-with-dsym";
				ENABLE_NS_ASSERTIONS = NO;
				ENABLE_STRICT_OBJC_MSGSEND = YES;
				GCC_C_LANGUAGE_STANDARD = gnu11;
				GCC_NO_COMMON_BLOCKS = YES;
				GCC_WARN_64_TO_32_BIT_CONVERSION = YES;
				GCC_WARN_ABOUT_RETURN_TYPE = YES_ERROR;
				GCC_WARN_UNDECLARED_SELECTOR = YES;
				GCC_WARN_UNINITIALIZED_AUTOS = YES_AGGRESSIVE;
				GCC_WARN_UNUSED_FUNCTION = YES;
				GCC_WARN_UNUSED_VARIABLE = YES;
				IPHONEOS_DEPLOYMENT_TARGET = 15.5;
				MTL_ENABLE_DEBUG_INFO = NO;
				MTL_FAST_MATH = YES;
				SDKROOT = iphoneos;
				SWIFT_COMPILATION_MODE = wholemodule;
				SWIFT_OPTIMIZATION_LEVEL = "-O";
				VALIDATE_PRODUCT = YES;
			};
			name = Release;
		};
		90E4AE8B289AD5A300875B76 /* Debug */ = {
			isa = XCBuildConfiguration;
			buildSettings = {
				ASSETCATALOG_COMPILER_APPICON_NAME = AppIcon;
				ASSETCATALOG_COMPILER_GLOBAL_ACCENT_COLOR_NAME = AccentColor;
				CODE_SIGN_STYLE = Automatic;
				CURRENT_PROJECT_VERSION = 1;
				DEVELOPMENT_ASSET_PATHS = "\"AllDone/Preview Content\"";
				DEVELOPMENT_TEAM = 38CU8Z7F4U;
				ENABLE_PREVIEWS = YES;
				GENERATE_INFOPLIST_FILE = YES;
				INFOPLIST_KEY_UIApplicationSceneManifest_Generation = YES;
				INFOPLIST_KEY_UIApplicationSupportsIndirectInputEvents = YES;
				INFOPLIST_KEY_UILaunchScreen_Generation = YES;
				INFOPLIST_KEY_UISupportedInterfaceOrientations_iPad = "UIInterfaceOrientationPortrait UIInterfaceOrientationPortraitUpsideDown UIInterfaceOrientationLandscapeLeft UIInterfaceOrientationLandscapeRight";
				INFOPLIST_KEY_UISupportedInterfaceOrientations_iPhone = "UIInterfaceOrientationPortrait UIInterfaceOrientationLandscapeLeft UIInterfaceOrientationLandscapeRight";
				LD_RUNPATH_SEARCH_PATHS = (
					"$(inherited)",
					"@executable_path/Frameworks",
				);
				MARKETING_VERSION = 1.0;
				PRODUCT_BUNDLE_IDENTIFIER = com.davidbratton.AllDone;
				PRODUCT_NAME = "$(TARGET_NAME)";
				SWIFT_EMIT_LOC_STRINGS = YES;
				SWIFT_VERSION = 5.0;
				TARGETED_DEVICE_FAMILY = 1;
			};
			name = Debug;
		};
		90E4AE8C289AD5A300875B76 /* Release */ = {
			isa = XCBuildConfiguration;
			buildSettings = {
				ASSETCATALOG_COMPILER_APPICON_NAME = AppIcon;
				ASSETCATALOG_COMPILER_GLOBAL_ACCENT_COLOR_NAME = AccentColor;
				CODE_SIGN_STYLE = Automatic;
				CURRENT_PROJECT_VERSION = 1;
				DEVELOPMENT_ASSET_PATHS = "\"AllDone/Preview Content\"";
				DEVELOPMENT_TEAM = 38CU8Z7F4U;
				ENABLE_PREVIEWS = YES;
				GENERATE_INFOPLIST_FILE = YES;
				INFOPLIST_KEY_UIApplicationSceneManifest_Generation = YES;
				INFOPLIST_KEY_UIApplicationSupportsIndirectInputEvents = YES;
				INFOPLIST_KEY_UILaunchScreen_Generation = YES;
				INFOPLIST_KEY_UISupportedInterfaceOrientations_iPad = "UIInterfaceOrientationPortrait UIInterfaceOrientationPortraitUpsideDown UIInterfaceOrientationLandscapeLeft UIInterfaceOrientationLandscapeRight";
				INFOPLIST_KEY_UISupportedInterfaceOrientations_iPhone = "UIInterfaceOrientationPortrait UIInterfaceOrientationLandscapeLeft UIInterfaceOrientationLandscapeRight";
				LD_RUNPATH_SEARCH_PATHS = (
					"$(inherited)",
					"@executable_path/Frameworks",
				);
				MARKETING_VERSION = 1.0;
				PRODUCT_BUNDLE_IDENTIFIER = com.davidbratton.AllDone;
				PRODUCT_NAME = "$(TARGET_NAME)";
				SWIFT_EMIT_LOC_STRINGS = YES;
				SWIFT_VERSION = 5.0;
				TARGETED_DEVICE_FAMILY = 1;
			};
			name = Release;
		};
/* End XCBuildConfiguration section */

/* Begin XCConfigurationList section */
		90E4AE77289AD5A200875B76 /* Build configuration list for PBXProject "AllDone" */ = {
			isa = XCConfigurationList;
			buildConfigurations = (
				90E4AE88289AD5A300875B76 /* Debug */,
				90E4AE89289AD5A300875B76 /* Release */,
			);
			defaultConfigurationIsVisible = 0;
			defaultConfigurationName = Release;
		};
		90E4AE8A289AD5A300875B76 /* Build configuration list for PBXNativeTarget "AllDone" */ = {
			isa = XCConfigurationList;
			buildConfigurations = (
				90E4AE8B289AD5A300875B76 /* Debug */,
				90E4AE8C289AD5A300875B76 /* Release */,
			);
			defaultConfigurationIsVisible = 0;
			defaultConfigurationName = Release;
		};
/* End XCConfigurationList section */

/* Begin XCRemoteSwiftPackageReference section */
		90E8B80D289C764C003C964D /* XCRemoteSwiftPackageReference "firebase-ios-sdk" */ = {
			isa = XCRemoteSwiftPackageReference;
			repositoryURL = "https://github.com/firebase/firebase-ios-sdk.git";
			requirement = {
				branch = master;
				kind = branch;
			};
		};
/* End XCRemoteSwiftPackageReference section */

/* Begin XCSwiftPackageProductDependency section */
		90E8B80E289C764C003C964D /* FirebaseAnalytics */ = {
			isa = XCSwiftPackageProductDependency;
			package = 90E8B80D289C764C003C964D /* XCRemoteSwiftPackageReference "firebase-ios-sdk" */;
			productName = FirebaseAnalytics;
		};
		90E8B810289C764C003C964D /* FirebaseAnalyticsSwift */ = {
			isa = XCSwiftPackageProductDependency;
			package = 90E8B80D289C764C003C964D /* XCRemoteSwiftPackageReference "firebase-ios-sdk" */;
			productName = FirebaseAnalyticsSwift;
		};
		90E8B812289C764C003C964D /* FirebaseAuth */ = {
			isa = XCSwiftPackageProductDependency;
			package = 90E8B80D289C764C003C964D /* XCRemoteSwiftPackageReference "firebase-ios-sdk" */;
			productName = FirebaseAuth;
		};
		90E8B814289C764C003C964D /* FirebaseFirestore */ = {
			isa = XCSwiftPackageProductDependency;
			package = 90E8B80D289C764C003C964D /* XCRemoteSwiftPackageReference "firebase-ios-sdk" */;
			productName = FirebaseFirestore;
		};
		90E8B816289C764C003C964D /* FirebaseFirestoreSwift */ = {
			isa = XCSwiftPackageProductDependency;
			package = 90E8B80D289C764C003C964D /* XCRemoteSwiftPackageReference "firebase-ios-sdk" */;
			productName = FirebaseFirestoreSwift;
		};
		90E8B818289C764C003C964D /* FirebaseStorage */ = {
			isa = XCSwiftPackageProductDependency;
			package = 90E8B80D289C764C003C964D /* XCRemoteSwiftPackageReference "firebase-ios-sdk" */;
			productName = FirebaseStorage;
		};
/* End XCSwiftPackageProductDependency section */
	};
	rootObject = 90E4AE74289AD5A200875B76 /* Project object */;
}
